// !$*UTF8*$!
{
	archiveVersion = 1;
	classes = {
	};
	objectVersion = 50;
	objects = {

/* Begin PBXBuildFile section */
		3D3B039025E77C8300F7A497 /* AppDelegate.swift in Sources */ = {isa = PBXBuildFile; fileRef = 3D3B038F25E77C8300F7A497 /* AppDelegate.swift */; };
		3D3B039725E77C8300F7A497 /* Main.storyboard in Resources */ = {isa = PBXBuildFile; fileRef = 3D3B039525E77C8300F7A497 /* Main.storyboard */; };
		3D3B039925E77C8600F7A497 /* Assets.xcassets in Resources */ = {isa = PBXBuildFile; fileRef = 3D3B039825E77C8600F7A497 /* Assets.xcassets */; };
		3D3B039C25E77C8600F7A497 /* LaunchScreen.storyboard in Resources */ = {isa = PBXBuildFile; fileRef = 3D3B039A25E77C8600F7A497 /* LaunchScreen.storyboard */; };
		3D3B03A625E78A0900F7A497 /* UDPViewController.swift in Sources */ = {isa = PBXBuildFile; fileRef = 3D3B03A525E78A0900F7A497 /* UDPViewController.swift */; };
		3D3B03A925E78A1500F7A497 /* TCPViewController.swift in Sources */ = {isa = PBXBuildFile; fileRef = 3D3B03A825E78A1500F7A497 /* TCPViewController.swift */; };
		3D3B03B125E87E7F00F7A497 /* StreamSocket.swift in Sources */ = {isa = PBXBuildFile; fileRef = 3D3B03B025E87E7F00F7A497 /* StreamSocket.swift */; };
		3D3EC3DB25ED00BE003779F3 /* Reachability.m in Sources */ = {isa = PBXBuildFile; fileRef = 3D3EC3D925ED00BE003779F3 /* Reachability.m */; };
		3D8B495325EDC5DA00BEE7E8 /* UDPSocket.mm in Sources */ = {isa = PBXBuildFile; fileRef = 3D8B495225EDC5DA00BEE7E8 /* UDPSocket.mm */; };
		3D8B495925EDD0B400BEE7E8 /* TCPServer.m in Sources */ = {isa = PBXBuildFile; fileRef = 3D8B495825EDD0B400BEE7E8 /* TCPServer.m */; };
		3D8B495D25EDD0C400BEE7E8 /* TCPClient.m in Sources */ = {isa = PBXBuildFile; fileRef = 3D8B495C25EDD0C400BEE7E8 /* TCPClient.m */; };
		3D8B497325EF2E0D00BEE7E8 /* Documentation.html in Resources */ = {isa = PBXBuildFile; fileRef = 3D8B496E25EF2E0D00BEE7E8 /* Documentation.html */; };
		3D8B497425EF2E0D00BEE7E8 /* GCDAsyncUdpSocket.m in Sources */ = {isa = PBXBuildFile; fileRef = 3D8B496F25EF2E0D00BEE7E8 /* GCDAsyncUdpSocket.m */; };
		3D8B497525EF2E0D00BEE7E8 /* GCDAsyncSocket.m in Sources */ = {isa = PBXBuildFile; fileRef = 3D8B497025EF2E0D00BEE7E8 /* GCDAsyncSocket.m */; };
/* End PBXBuildFile section */

/* Begin PBXFileReference section */
		3D3B038C25E77C8300F7A497 /* KKSocketDemo.app */ = {isa = PBXFileReference; explicitFileType = wrapper.application; includeInIndex = 0; path = KKSocketDemo.app; sourceTree = BUILT_PRODUCTS_DIR; };
		3D3B038F25E77C8300F7A497 /* AppDelegate.swift */ = {isa = PBXFileReference; lastKnownFileType = sourcecode.swift; path = AppDelegate.swift; sourceTree = "<group>"; };
		3D3B039625E77C8300F7A497 /* Base */ = {isa = PBXFileReference; lastKnownFileType = file.storyboard; name = Base; path = Base.lproj/Main.storyboard; sourceTree = "<group>"; };
		3D3B039825E77C8600F7A497 /* Assets.xcassets */ = {isa = PBXFileReference; lastKnownFileType = folder.assetcatalog; path = Assets.xcassets; sourceTree = "<group>"; };
		3D3B039B25E77C8600F7A497 /* Base */ = {isa = PBXFileReference; lastKnownFileType = file.storyboard; name = Base; path = Base.lproj/LaunchScreen.storyboard; sourceTree = "<group>"; };
		3D3B039D25E77C8600F7A497 /* Info.plist */ = {isa = PBXFileReference; lastKnownFileType = text.plist.xml; path = Info.plist; sourceTree = "<group>"; };
		3D3B03A525E78A0900F7A497 /* UDPViewController.swift */ = {isa = PBXFileReference; lastKnownFileType = sourcecode.swift; path = UDPViewController.swift; sourceTree = "<group>"; };
		3D3B03A825E78A1500F7A497 /* TCPViewController.swift */ = {isa = PBXFileReference; lastKnownFileType = sourcecode.swift; path = TCPViewController.swift; sourceTree = "<group>"; };
		3D3B03AB25E793D900F7A497 /* KKSocketDemo-Bridging-Header.h */ = {isa = PBXFileReference; lastKnownFileType = sourcecode.c.h; path = "KKSocketDemo-Bridging-Header.h"; sourceTree = "<group>"; };
		3D3B03B025E87E7F00F7A497 /* StreamSocket.swift */ = {isa = PBXFileReference; lastKnownFileType = sourcecode.swift; path = StreamSocket.swift; sourceTree = "<group>"; };
		3D3EC3D325ECF319003779F3 /* libc.tbd */ = {isa = PBXFileReference; lastKnownFileType = "sourcecode.text-based-dylib-definition"; name = libc.tbd; path = usr/lib/libc.tbd; sourceTree = SDKROOT; };
		3D3EC3D625ECFFDE003779F3 /* KKSocketDemo.entitlements */ = {isa = PBXFileReference; lastKnownFileType = text.plist.entitlements; path = KKSocketDemo.entitlements; sourceTree = "<group>"; };
		3D3EC3D925ED00BE003779F3 /* Reachability.m */ = {isa = PBXFileReference; fileEncoding = 4; lastKnownFileType = sourcecode.c.objc; path = Reachability.m; sourceTree = "<group>"; };
		3D3EC3DA25ED00BE003779F3 /* Reachability.h */ = {isa = PBXFileReference; fileEncoding = 4; lastKnownFileType = sourcecode.c.h; path = Reachability.h; sourceTree = "<group>"; };
		3D8B495125EDC5DA00BEE7E8 /* UDPSocket.h */ = {isa = PBXFileReference; lastKnownFileType = sourcecode.c.h; path = UDPSocket.h; sourceTree = "<group>"; };
		3D8B495225EDC5DA00BEE7E8 /* UDPSocket.mm */ = {isa = PBXFileReference; lastKnownFileType = sourcecode.cpp.objcpp; path = UDPSocket.mm; sourceTree = "<group>"; };
		3D8B495725EDD0B400BEE7E8 /* TCPServer.h */ = {isa = PBXFileReference; lastKnownFileType = sourcecode.c.h; path = TCPServer.h; sourceTree = "<group>"; };
		3D8B495825EDD0B400BEE7E8 /* TCPServer.m */ = {isa = PBXFileReference; lastKnownFileType = sourcecode.c.objc; path = TCPServer.m; sourceTree = "<group>"; };
		3D8B495B25EDD0C400BEE7E8 /* TCPClient.h */ = {isa = PBXFileReference; lastKnownFileType = sourcecode.c.h; path = TCPClient.h; sourceTree = "<group>"; };
		3D8B495C25EDD0C400BEE7E8 /* TCPClient.m */ = {isa = PBXFileReference; lastKnownFileType = sourcecode.c.objc; path = TCPClient.m; sourceTree = "<group>"; };
		3D8B496E25EF2E0D00BEE7E8 /* Documentation.html */ = {isa = PBXFileReference; fileEncoding = 4; lastKnownFileType = text.html; path = Documentation.html; sourceTree = "<group>"; };
		3D8B496F25EF2E0D00BEE7E8 /* GCDAsyncUdpSocket.m */ = {isa = PBXFileReference; fileEncoding = 4; lastKnownFileType = sourcecode.c.objc; path = GCDAsyncUdpSocket.m; sourceTree = "<group>"; };
		3D8B497025EF2E0D00BEE7E8 /* GCDAsyncSocket.m */ = {isa = PBXFileReference; fileEncoding = 4; lastKnownFileType = sourcecode.c.objc; path = GCDAsyncSocket.m; sourceTree = "<group>"; };
		3D8B497125EF2E0D00BEE7E8 /* GCDAsyncUdpSocket.h */ = {isa = PBXFileReference; fileEncoding = 4; lastKnownFileType = sourcecode.c.h; path = GCDAsyncUdpSocket.h; sourceTree = "<group>"; };
		3D8B497225EF2E0D00BEE7E8 /* GCDAsyncSocket.h */ = {isa = PBXFileReference; fileEncoding = 4; lastKnownFileType = sourcecode.c.h; path = GCDAsyncSocket.h; sourceTree = "<group>"; };
/* End PBXFileReference section */

/* Begin PBXFrameworksBuildPhase section */
		3D3B038925E77C8300F7A497 /* Frameworks */ = {
			isa = PBXFrameworksBuildPhase;
			buildActionMask = 2147483647;
			files = (
			);
			runOnlyForDeploymentPostprocessing = 0;
		};
/* End PBXFrameworksBuildPhase section */

/* Begin PBXGroup section */
		3D3B038325E77C8300F7A497 = {
			isa = PBXGroup;
			children = (
				3D3B038E25E77C8300F7A497 /* KKSocketDemo */,
				3D3B038D25E77C8300F7A497 /* Products */,
				3D3EC3D225ECF318003779F3 /* Frameworks */,
			);
			sourceTree = "<group>";
		};
		3D3B038D25E77C8300F7A497 /* Products */ = {
			isa = PBXGroup;
			children = (
				3D3B038C25E77C8300F7A497 /* KKSocketDemo.app */,
			);
			name = Products;
			sourceTree = "<group>";
		};
		3D3B038E25E77C8300F7A497 /* KKSocketDemo */ = {
			isa = PBXGroup;
			children = (
				3D3EC3D625ECFFDE003779F3 /* KKSocketDemo.entitlements */,
				3D3EC3D825ED00BE003779F3 /* Reachability */,
				3D8B496D25EF2E0D00BEE7E8 /* GCD */,
				3D3B038F25E77C8300F7A497 /* AppDelegate.swift */,
				3D3B03A525E78A0900F7A497 /* UDPViewController.swift */,
				3D3B03A825E78A1500F7A497 /* TCPViewController.swift */,
				3D3B03B025E87E7F00F7A497 /* StreamSocket.swift */,
				3D8B495125EDC5DA00BEE7E8 /* UDPSocket.h */,
				3D8B495225EDC5DA00BEE7E8 /* UDPSocket.mm */,
				3D8B495B25EDD0C400BEE7E8 /* TCPClient.h */,
				3D8B495C25EDD0C400BEE7E8 /* TCPClient.m */,
				3D8B495725EDD0B400BEE7E8 /* TCPServer.h */,
				3D8B495825EDD0B400BEE7E8 /* TCPServer.m */,
				3D3B039525E77C8300F7A497 /* Main.storyboard */,
				3D3B039825E77C8600F7A497 /* Assets.xcassets */,
				3D3B039A25E77C8600F7A497 /* LaunchScreen.storyboard */,
				3D3B039D25E77C8600F7A497 /* Info.plist */,
				3D3B03AB25E793D900F7A497 /* KKSocketDemo-Bridging-Header.h */,
			);
			path = KKSocketDemo;
			sourceTree = "<group>";
		};
		3D3EC3D225ECF318003779F3 /* Frameworks */ = {
			isa = PBXGroup;
			children = (
				3D3EC3D325ECF319003779F3 /* libc.tbd */,
			);
			name = Frameworks;
			sourceTree = "<group>";
		};
		3D3EC3D825ED00BE003779F3 /* Reachability */ = {
			isa = PBXGroup;
			children = (
				3D3EC3D925ED00BE003779F3 /* Reachability.m */,
				3D3EC3DA25ED00BE003779F3 /* Reachability.h */,
			);
			path = Reachability;
			sourceTree = "<group>";
		};
		3D8B496D25EF2E0D00BEE7E8 /* GCD */ = {
			isa = PBXGroup;
			children = (
				3D8B496E25EF2E0D00BEE7E8 /* Documentation.html */,
				3D8B497225EF2E0D00BEE7E8 /* GCDAsyncSocket.h */,
				3D8B497025EF2E0D00BEE7E8 /* GCDAsyncSocket.m */,
				3D8B497125EF2E0D00BEE7E8 /* GCDAsyncUdpSocket.h */,
				3D8B496F25EF2E0D00BEE7E8 /* GCDAsyncUdpSocket.m */,
			);
			path = GCD;
			sourceTree = "<group>";
		};
/* End PBXGroup section */

/* Begin PBXNativeTarget section */
		3D3B038B25E77C8300F7A497 /* KKSocketDemo */ = {
			isa = PBXNativeTarget;
			buildConfigurationList = 3D3B03A025E77C8600F7A497 /* Build configuration list for PBXNativeTarget "KKSocketDemo" */;
			buildPhases = (
				3D3B038825E77C8300F7A497 /* Sources */,
				3D3B038925E77C8300F7A497 /* Frameworks */,
				3D3B038A25E77C8300F7A497 /* Resources */,
			);
			buildRules = (
			);
			dependencies = (
			);
			name = KKSocketDemo;
			productName = KKSocketDemo;
			productReference = 3D3B038C25E77C8300F7A497 /* KKSocketDemo.app */;
			productType = "com.apple.product-type.application";
		};
/* End PBXNativeTarget section */

/* Begin PBXProject section */
		3D3B038425E77C8300F7A497 /* Project object */ = {
			isa = PBXProject;
			attributes = {
				LastSwiftUpdateCheck = 1240;
				LastUpgradeCheck = 1240;
				TargetAttributes = {
					3D3B038B25E77C8300F7A497 = {
						CreatedOnToolsVersion = 12.4;
						LastSwiftMigration = 1240;
					};
				};
			};
			buildConfigurationList = 3D3B038725E77C8300F7A497 /* Build configuration list for PBXProject "KKSocketDemo" */;
			compatibilityVersion = "Xcode 9.3";
			developmentRegion = en;
			hasScannedForEncodings = 0;
			knownRegions = (
				en,
				Base,
			);
			mainGroup = 3D3B038325E77C8300F7A497;
			productRefGroup = 3D3B038D25E77C8300F7A497 /* Products */;
			projectDirPath = "";
			projectRoot = "";
			targets = (
				3D3B038B25E77C8300F7A497 /* KKSocketDemo */,
			);
		};
/* End PBXProject section */

/* Begin PBXResourcesBuildPhase section */
		3D3B038A25E77C8300F7A497 /* Resources */ = {
			isa = PBXResourcesBuildPhase;
			buildActionMask = 2147483647;
			files = (
				3D3B039C25E77C8600F7A497 /* LaunchScreen.storyboard in Resources */,
				3D3B039925E77C8600F7A497 /* Assets.xcassets in Resources */,
				3D3B039725E77C8300F7A497 /* Main.storyboard in Resources */,
				3D8B497325EF2E0D00BEE7E8 /* Documentation.html in Resources */,
			);
			runOnlyForDeploymentPostprocessing = 0;
		};
/* End PBXResourcesBuildPhase section */

/* Begin PBXSourcesBuildPhase section */
		3D3B038825E77C8300F7A497 /* Sources */ = {
			isa = PBXSourcesBuildPhase;
			buildActionMask = 2147483647;
			files = (
				3D8B495925EDD0B400BEE7E8 /* TCPServer.m in Sources */,
				3D8B497425EF2E0D00BEE7E8 /* GCDAsyncUdpSocket.m in Sources */,
				3D8B495325EDC5DA00BEE7E8 /* UDPSocket.mm in Sources */,
				3D3B03B125E87E7F00F7A497 /* StreamSocket.swift in Sources */,
				3D3B03A925E78A1500F7A497 /* TCPViewController.swift in Sources */,
				3D8B495D25EDD0C400BEE7E8 /* TCPClient.m in Sources */,
				3D8B497525EF2E0D00BEE7E8 /* GCDAsyncSocket.m in Sources */,
				3D3EC3DB25ED00BE003779F3 /* Reachability.m in Sources */,
				3D3B039025E77C8300F7A497 /* AppDelegate.swift in Sources */,
				3D3B03A625E78A0900F7A497 /* UDPViewController.swift in Sources */,
			);
			runOnlyForDeploymentPostprocessing = 0;
		};
/* End PBXSourcesBuildPhase section */

/* Begin PBXVariantGroup section */
		3D3B039525E77C8300F7A497 /* Main.storyboard */ = {
			isa = PBXVariantGroup;
			children = (
				3D3B039625E77C8300F7A497 /* Base */,
			);
			name = Main.storyboard;
			sourceTree = "<group>";
		};
		3D3B039A25E77C8600F7A497 /* LaunchScreen.storyboard */ = {
			isa = PBXVariantGroup;
			children = (
				3D3B039B25E77C8600F7A497 /* Base */,
			);
			name = LaunchScreen.storyboard;
			sourceTree = "<group>";
		};
/* End PBXVariantGroup section */

/* Begin XCBuildConfiguration section */
		3D3B039E25E77C8600F7A497 /* Debug */ = {
			isa = XCBuildConfiguration;
			buildSettings = {
				ALWAYS_SEARCH_USER_PATHS = NO;
				CLANG_ANALYZER_NONNULL = YES;
				CLANG_ANALYZER_NUMBER_OBJECT_CONVERSION = YES_AGGRESSIVE;
				CLANG_CXX_LANGUAGE_STANDARD = "gnu++14";
				CLANG_CXX_LIBRARY = "libc++";
				CLANG_ENABLE_MODULES = YES;
				CLANG_ENABLE_OBJC_ARC = YES;
				CLANG_ENABLE_OBJC_WEAK = YES;
				CLANG_WARN_BLOCK_CAPTURE_AUTORELEASING = YES;
				CLANG_WARN_BOOL_CONVERSION = YES;
				CLANG_WARN_COMMA = YES;
				CLANG_WARN_CONSTANT_CONVERSION = YES;
				CLANG_WARN_DEPRECATED_OBJC_IMPLEMENTATIONS = YES;
				CLANG_WARN_DIRECT_OBJC_ISA_USAGE = YES_ERROR;
				CLANG_WARN_DOCUMENTATION_COMMENTS = YES;
				CLANG_WARN_EMPTY_BODY = YES;
				CLANG_WARN_ENUM_CONVERSION = YES;
				CLANG_WARN_INFINITE_RECURSION = YES;
				CLANG_WARN_INT_CONVERSION = YES;
				CLANG_WARN_NON_LITERAL_NULL_CONVERSION = YES;
				CLANG_WARN_OBJC_IMPLICIT_RETAIN_SELF = YES;
				CLANG_WARN_OBJC_LITERAL_CONVERSION = YES;
				CLANG_WARN_OBJC_ROOT_CLASS = YES_ERROR;
				CLANG_WARN_QUOTED_INCLUDE_IN_FRAMEWORK_HEADER = YES;
				CLANG_WARN_RANGE_LOOP_ANALYSIS = YES;
				CLANG_WARN_STRICT_PROTOTYPES = YES;
				CLANG_WARN_SUSPICIOUS_MOVE = YES;
				CLANG_WARN_UNGUARDED_AVAILABILITY = YES_AGGRESSIVE;
				CLANG_WARN_UNREACHABLE_CODE = YES;
				CLANG_WARN__DUPLICATE_METHOD_MATCH = YES;
				COPY_PHASE_STRIP = NO;
				DEBUG_INFORMATION_FORMAT = dwarf;
				ENABLE_STRICT_OBJC_MSGSEND = YES;
				ENABLE_TESTABILITY = YES;
				GCC_C_LANGUAGE_STANDARD = gnu11;
				GCC_DYNAMIC_NO_PIC = NO;
				GCC_NO_COMMON_BLOCKS = YES;
				GCC_OPTIMIZATION_LEVEL = 0;
				GCC_PREPROCESSOR_DEFINITIONS = (
					"DEBUG=1",
					"$(inherited)",
				);
				GCC_WARN_64_TO_32_BIT_CONVERSION = YES;
				GCC_WARN_ABOUT_RETURN_TYPE = YES_ERROR;
				GCC_WARN_UNDECLARED_SELECTOR = YES;
				GCC_WARN_UNINITIALIZED_AUTOS = YES_AGGRESSIVE;
				GCC_WARN_UNUSED_FUNCTION = YES;
				GCC_WARN_UNUSED_VARIABLE = YES;
				IPHONEOS_DEPLOYMENT_TARGET = 9.0;
				MTL_ENABLE_DEBUG_INFO = INCLUDE_SOURCE;
				MTL_FAST_MATH = YES;
				ONLY_ACTIVE_ARCH = YES;
				SDKROOT = iphoneos;
				SWIFT_ACTIVE_COMPILATION_CONDITIONS = DEBUG;
				SWIFT_OPTIMIZATION_LEVEL = "-Onone";
			};
			name = Debug;
		};
		3D3B039F25E77C8600F7A497 /* Release */ = {
			isa = XCBuildConfiguration;
			buildSettings = {
				ALWAYS_SEARCH_USER_PATHS = NO;
				CLANG_ANALYZER_NONNULL = YES;
				CLANG_ANALYZER_NUMBER_OBJECT_CONVERSION = YES_AGGRESSIVE;
				CLANG_CXX_LANGUAGE_STANDARD = "gnu++14";
				CLANG_CXX_LIBRARY = "libc++";
				CLANG_ENABLE_MODULES = YES;
				CLANG_ENABLE_OBJC_ARC = YES;
				CLANG_ENABLE_OBJC_WEAK = YES;
				CLANG_WARN_BLOCK_CAPTURE_AUTORELEASING = YES;
				CLANG_WARN_BOOL_CONVERSION = YES;
				CLANG_WARN_COMMA = YES;
				CLANG_WARN_CONSTANT_CONVERSION = YES;
				CLANG_WARN_DEPRECATED_OBJC_IMPLEMENTATIONS = YES;
				CLANG_WARN_DIRECT_OBJC_ISA_USAGE = YES_ERROR;
				CLANG_WARN_DOCUMENTATION_COMMENTS = YES;
				CLANG_WARN_EMPTY_BODY = YES;
				CLANG_WARN_ENUM_CONVERSION = YES;
				CLANG_WARN_INFINITE_RECURSION = YES;
				CLANG_WARN_INT_CONVERSION = YES;
				CLANG_WARN_NON_LITERAL_NULL_CONVERSION = YES;
				CLANG_WARN_OBJC_IMPLICIT_RETAIN_SELF = YES;
				CLANG_WARN_OBJC_LITERAL_CONVERSION = YES;
				CLANG_WARN_OBJC_ROOT_CLASS = YES_ERROR;
				CLANG_WARN_QUOTED_INCLUDE_IN_FRAMEWORK_HEADER = YES;
				CLANG_WARN_RANGE_LOOP_ANALYSIS = YES;
				CLANG_WARN_STRICT_PROTOTYPES = YES;
				CLANG_WARN_SUSPICIOUS_MOVE = YES;
				CLANG_WARN_UNGUARDED_AVAILABILITY = YES_AGGRESSIVE;
				CLANG_WARN_UNREACHABLE_CODE = YES;
				CLANG_WARN__DUPLICATE_METHOD_MATCH = YES;
				COPY_PHASE_STRIP = NO;
				DEBUG_INFORMATION_FORMAT = "dwarf-with-dsym";
				ENABLE_NS_ASSERTIONS = NO;
				ENABLE_STRICT_OBJC_MSGSEND = YES;
				GCC_C_LANGUAGE_STANDARD = gnu11;
				GCC_NO_COMMON_BLOCKS = YES;
				GCC_WARN_64_TO_32_BIT_CONVERSION = YES;
				GCC_WARN_ABOUT_RETURN_TYPE = YES_ERROR;
				GCC_WARN_UNDECLARED_SELECTOR = YES;
				GCC_WARN_UNINITIALIZED_AUTOS = YES_AGGRESSIVE;
				GCC_WARN_UNUSED_FUNCTION = YES;
				GCC_WARN_UNUSED_VARIABLE = YES;
				IPHONEOS_DEPLOYMENT_TARGET = 9.0;
				MTL_ENABLE_DEBUG_INFO = NO;
				MTL_FAST_MATH = YES;
				SDKROOT = iphoneos;
				SWIFT_COMPILATION_MODE = wholemodule;
				SWIFT_OPTIMIZATION_LEVEL = "-O";
				VALIDATE_PRODUCT = YES;
			};
			name = Release;
		};
		3D3B03A125E77C8600F7A497 /* Debug */ = {
			isa = XCBuildConfiguration;
			buildSettings = {
				ASSETCATALOG_COMPILER_APPICON_NAME = AppIcon;
				ASSETCATALOG_COMPILER_GLOBAL_ACCENT_COLOR_NAME = AccentColor;
				CLANG_ENABLE_MODULES = YES;
				CODE_SIGN_ENTITLEMENTS = KKSocketDemo/KKSocketDemo.entitlements;
				CODE_SIGN_STYLE = Automatic;
				DEVELOPMENT_TEAM = 3LPN98F8NA;
				INFOPLIST_FILE = KKSocketDemo/Info.plist;
				LD_RUNPATH_SEARCH_PATHS = (
					"$(inherited)",
					"@executable_path/Frameworks",
				);
				PRODUCT_BUNDLE_IDENTIFIER = com.kang.KKSocketDemo;
				PRODUCT_NAME = "$(TARGET_NAME)";
				SWIFT_OBJC_BRIDGING_HEADER = "KKSocketDemo/KKSocketDemo-Bridging-Header.h";
				SWIFT_OPTIMIZATION_LEVEL = "-Onone";
				SWIFT_VERSION = 5.0;
				TARGETED_DEVICE_FAMILY = "1,2";
			};
			name = Debug;
		};
		3D3B03A225E77C8600F7A497 /* Release */ = {
			isa = XCBuildConfiguration;
			buildSettings = {
				ASSETCATALOG_COMPILER_APPICON_NAME = AppIcon;
				ASSETCATALOG_COMPILER_GLOBAL_ACCENT_COLOR_NAME = AccentColor;
				CLANG_ENABLE_MODULES = YES;
				CODE_SIGN_ENTITLEMENTS = KKSocketDemo/KKSocketDemo.entitlements;
				CODE_SIGN_STYLE = Automatic;
				DEVELOPMENT_TEAM = 3LPN98F8NA;
				INFOPLIST_FILE = KKSocketDemo/Info.plist;
				LD_RUNPATH_SEARCH_PATHS = (
					"$(inherited)",
					"@executable_path/Frameworks",
				);
				PRODUCT_BUNDLE_IDENTIFIER = com.kang.KKSocketDemo;
				PRODUCT_NAME = "$(TARGET_NAME)";
				SWIFT_OBJC_BRIDGING_HEADER = "KKSocketDemo/KKSocketDemo-Bridging-Header.h";
				SWIFT_VERSION = 5.0;
				TARGETED_DEVICE_FAMILY = "1,2";
			};
			name = Release;
		};
/* End XCBuildConfiguration section */

/* Begin XCConfigurationList section */
		3D3B038725E77C8300F7A497 /* Build configuration list for PBXProject "KKSocketDemo" */ = {
			isa = XCConfigurationList;
			buildConfigurations = (
				3D3B039E25E77C8600F7A497 /* Debug */,
				3D3B039F25E77C8600F7A497 /* Release */,
			);
			defaultConfigurationIsVisible = 0;
			defaultConfigurationName = Release;
		};
		3D3B03A025E77C8600F7A497 /* Build configuration list for PBXNativeTarget "KKSocketDemo" */ = {
			isa = XCConfigurationList;
			buildConfigurations = (
				3D3B03A125E77C8600F7A497 /* Debug */,
				3D3B03A225E77C8600F7A497 /* Release */,
			);
			defaultConfigurationIsVisible = 0;
			defaultConfigurationName = Release;
		};
/* End XCConfigurationList section */
	};
	rootObject = 3D3B038425E77C8300F7A497 /* Project object */;
}
